// !$*UTF8*$!
{
	archiveVersion = 1;
	classes = {
	};
	objectVersion = 56;
	objects = {

/* Begin PBXBuildFile section */
		06419A1729FADE9F0080FC82 /* AppDelegate.swift in Sources */ = {isa = PBXBuildFile; fileRef = 06419A1629FADE9F0080FC82 /* AppDelegate.swift */; };
		06419A1929FADE9F0080FC82 /* SceneDelegate.swift in Sources */ = {isa = PBXBuildFile; fileRef = 06419A1829FADE9F0080FC82 /* SceneDelegate.swift */; };
		06419A1B29FADE9F0080FC82 /* ImagesListViewController.swift in Sources */ = {isa = PBXBuildFile; fileRef = 06419A1A29FADE9F0080FC82 /* ImagesListViewController.swift */; };
		06419A1E29FADE9F0080FC82 /* Main.storyboard in Resources */ = {isa = PBXBuildFile; fileRef = 06419A1C29FADE9F0080FC82 /* Main.storyboard */; };
		06419A2029FADEA30080FC82 /* Assets.xcassets in Resources */ = {isa = PBXBuildFile; fileRef = 06419A1F29FADEA30080FC82 /* Assets.xcassets */; };
		06419A2329FADEA30080FC82 /* LaunchScreen.storyboard in Resources */ = {isa = PBXBuildFile; fileRef = 06419A2129FADEA30080FC82 /* LaunchScreen.storyboard */; };
		0642A90929FC653900D39FD4 /* ImagesListCell.swift in Sources */ = {isa = PBXBuildFile; fileRef = 0642A90829FC653900D39FD4 /* ImagesListCell.swift */; };
		0642A9362A0D533300D39FD4 /* ProfileViewController.swift in Sources */ = {isa = PBXBuildFile; fileRef = 0642A9352A0D533300D39FD4 /* ProfileViewController.swift */; };
		0642A9392A0D7BB200D39FD4 /* SingleImageViewController.swift in Sources */ = {isa = PBXBuildFile; fileRef = 0642A9382A0D7BB200D39FD4 /* SingleImageViewController.swift */; };
		0642A93E2A0E8E0600D39FD4 /* ImagesListCell.xib in Resources */ = {isa = PBXBuildFile; fileRef = 0642A93D2A0E8E0600D39FD4 /* ImagesListCell.xib */; };
		0642A9412A0EF99D00D39FD4 /* UIColor+Extensions.swift in Sources */ = {isa = PBXBuildFile; fileRef = 0642A9402A0EF99D00D39FD4 /* UIColor+Extensions.swift */; };
		06ACD0342A22853F00F33895 /* Contacts.swift in Sources */ = {isa = PBXBuildFile; fileRef = 06ACD0332A22853F00F33895 /* Contacts.swift */; };
		06ACD0362A22A04600F33895 /* AuthViewController.swift in Sources */ = {isa = PBXBuildFile; fileRef = 06ACD0352A22A04600F33895 /* AuthViewController.swift */; };
		06ACD0392A22A24700F33895 /* WebViewViewController.swift in Sources */ = {isa = PBXBuildFile; fileRef = 06ACD0382A22A24700F33895 /* WebViewViewController.swift */; };
		06ACD03D2A252DF200F33895 /* OAuth2Service.swift in Sources */ = {isa = PBXBuildFile; fileRef = 06ACD03C2A252DF200F33895 /* OAuth2Service.swift */; };
		06ACD03F2A25487400F33895 /* OAuth2TokenStorage.swift in Sources */ = {isa = PBXBuildFile; fileRef = 06ACD03E2A25487400F33895 /* OAuth2TokenStorage.swift */; };
		06ACD0432A25527700F33895 /* URLSession+Extensions.swift in Sources */ = {isa = PBXBuildFile; fileRef = 06ACD0422A25527700F33895 /* URLSession+Extensions.swift */; };
		06ACD0452A2552AB00F33895 /* URLRequest+Extensions.swift in Sources */ = {isa = PBXBuildFile; fileRef = 06ACD0442A2552AB00F33895 /* URLRequest+Extensions.swift */; };
		06ACD0482A26616F00F33895 /* SplashViewController.swift in Sources */ = {isa = PBXBuildFile; fileRef = 06ACD0472A26616F00F33895 /* SplashViewController.swift */; };
		06C0A3E82A2910A5004D3E92 /* OAuthTokenResponseBody.swift in Sources */ = {isa = PBXBuildFile; fileRef = 06C0A3E72A2910A5004D3E92 /* OAuthTokenResponseBody.swift */; };
		06C0A42A2A33CC18004D3E92 /* ProgressHUD in Frameworks */ = {isa = PBXBuildFile; productRef = 06C0A4292A33CC18004D3E92 /* ProgressHUD */; };
		06C0A42C2A3663DA004D3E92 /* UIBlockingProgressHUD.swift in Sources */ = {isa = PBXBuildFile; fileRef = 06C0A42B2A3663DA004D3E92 /* UIBlockingProgressHUD.swift */; };
/* End PBXBuildFile section */

/* Begin PBXFileReference section */
		06419A1329FADE9F0080FC82 /* ImageFeed.app */ = {isa = PBXFileReference; explicitFileType = wrapper.application; includeInIndex = 0; path = ImageFeed.app; sourceTree = BUILT_PRODUCTS_DIR; };
		06419A1629FADE9F0080FC82 /* AppDelegate.swift */ = {isa = PBXFileReference; lastKnownFileType = sourcecode.swift; path = AppDelegate.swift; sourceTree = "<group>"; };
		06419A1829FADE9F0080FC82 /* SceneDelegate.swift */ = {isa = PBXFileReference; lastKnownFileType = sourcecode.swift; path = SceneDelegate.swift; sourceTree = "<group>"; };
		06419A1A29FADE9F0080FC82 /* ImagesListViewController.swift */ = {isa = PBXFileReference; lastKnownFileType = sourcecode.swift; path = ImagesListViewController.swift; sourceTree = "<group>"; };
		06419A1D29FADE9F0080FC82 /* Base */ = {isa = PBXFileReference; lastKnownFileType = file.storyboard; name = Base; path = Base.lproj/Main.storyboard; sourceTree = "<group>"; };
		06419A1F29FADEA30080FC82 /* Assets.xcassets */ = {isa = PBXFileReference; lastKnownFileType = folder.assetcatalog; path = Assets.xcassets; sourceTree = "<group>"; };
		06419A2229FADEA30080FC82 /* Base */ = {isa = PBXFileReference; lastKnownFileType = file.storyboard; name = Base; path = Base.lproj/LaunchScreen.storyboard; sourceTree = "<group>"; };
		06419A2429FADEA30080FC82 /* Info.plist */ = {isa = PBXFileReference; lastKnownFileType = text.plist.xml; path = Info.plist; sourceTree = "<group>"; };
		0642A90829FC653900D39FD4 /* ImagesListCell.swift */ = {isa = PBXFileReference; lastKnownFileType = sourcecode.swift; path = ImagesListCell.swift; sourceTree = "<group>"; };
		0642A9352A0D533300D39FD4 /* ProfileViewController.swift */ = {isa = PBXFileReference; lastKnownFileType = sourcecode.swift; path = ProfileViewController.swift; sourceTree = "<group>"; };
		0642A9382A0D7BB200D39FD4 /* SingleImageViewController.swift */ = {isa = PBXFileReference; lastKnownFileType = sourcecode.swift; path = SingleImageViewController.swift; sourceTree = "<group>"; };
		0642A93D2A0E8E0600D39FD4 /* ImagesListCell.xib */ = {isa = PBXFileReference; lastKnownFileType = file.xib; path = ImagesListCell.xib; sourceTree = "<group>"; };
		0642A9402A0EF99D00D39FD4 /* UIColor+Extensions.swift */ = {isa = PBXFileReference; lastKnownFileType = sourcecode.swift; path = "UIColor+Extensions.swift"; sourceTree = "<group>"; };
		06ACD0332A22853F00F33895 /* Contacts.swift */ = {isa = PBXFileReference; lastKnownFileType = sourcecode.swift; path = Contacts.swift; sourceTree = "<group>"; };
		06ACD0352A22A04600F33895 /* AuthViewController.swift */ = {isa = PBXFileReference; lastKnownFileType = sourcecode.swift; path = AuthViewController.swift; sourceTree = "<group>"; };
		06ACD0382A22A24700F33895 /* WebViewViewController.swift */ = {isa = PBXFileReference; lastKnownFileType = sourcecode.swift; path = WebViewViewController.swift; sourceTree = "<group>"; };
		06ACD03C2A252DF200F33895 /* OAuth2Service.swift */ = {isa = PBXFileReference; lastKnownFileType = sourcecode.swift; path = OAuth2Service.swift; sourceTree = "<group>"; };
		06ACD03E2A25487400F33895 /* OAuth2TokenStorage.swift */ = {isa = PBXFileReference; lastKnownFileType = sourcecode.swift; path = OAuth2TokenStorage.swift; sourceTree = "<group>"; };
		06ACD0422A25527700F33895 /* URLSession+Extensions.swift */ = {isa = PBXFileReference; lastKnownFileType = sourcecode.swift; path = "URLSession+Extensions.swift"; sourceTree = "<group>"; };
		06ACD0442A2552AB00F33895 /* URLRequest+Extensions.swift */ = {isa = PBXFileReference; lastKnownFileType = sourcecode.swift; path = "URLRequest+Extensions.swift"; sourceTree = "<group>"; };
		06ACD0472A26616F00F33895 /* SplashViewController.swift */ = {isa = PBXFileReference; lastKnownFileType = sourcecode.swift; path = SplashViewController.swift; sourceTree = "<group>"; };
		06C0A3E72A2910A5004D3E92 /* OAuthTokenResponseBody.swift */ = {isa = PBXFileReference; lastKnownFileType = sourcecode.swift; path = OAuthTokenResponseBody.swift; sourceTree = "<group>"; };
		06C0A42B2A3663DA004D3E92 /* UIBlockingProgressHUD.swift */ = {isa = PBXFileReference; lastKnownFileType = sourcecode.swift; path = UIBlockingProgressHUD.swift; sourceTree = "<group>"; };
/* End PBXFileReference section */

/* Begin PBXFrameworksBuildPhase section */
		06419A1029FADE9F0080FC82 /* Frameworks */ = {
			isa = PBXFrameworksBuildPhase;
			buildActionMask = 2147483647;
			files = (
				06C0A42A2A33CC18004D3E92 /* ProgressHUD in Frameworks */,
			);
			runOnlyForDeploymentPostprocessing = 0;
		};
/* End PBXFrameworksBuildPhase section */

/* Begin PBXGroup section */
		06419A0A29FADE9E0080FC82 = {
			isa = PBXGroup;
			children = (
				06419A1529FADE9F0080FC82 /* ImageFeed */,
				06419A1429FADE9F0080FC82 /* Products */,
			);
			sourceTree = "<group>";
		};
		06419A1429FADE9F0080FC82 /* Products */ = {
			isa = PBXGroup;
			children = (
				06419A1329FADE9F0080FC82 /* ImageFeed.app */,
			);
			name = Products;
			sourceTree = "<group>";
		};
		06419A1529FADE9F0080FC82 /* ImageFeed */ = {
			isa = PBXGroup;
			children = (
				06C0A3EB2A291175004D3E92 /* Network */,
				06C0A3E62A291067004D3E92 /* Model */,
				06C0A3E92A2910F4004D3E92 /* View */,
				06C0A3EA2A291131004D3E92 /* Controllers */,
				0642A93F2A0EF97200D39FD4 /* Helpers */,
				06419A1829FADE9F0080FC82 /* SceneDelegate.swift */,
				06419A1629FADE9F0080FC82 /* AppDelegate.swift */,
				06419A1F29FADEA30080FC82 /* Assets.xcassets */,
				06419A2129FADEA30080FC82 /* LaunchScreen.storyboard */,
				06419A2429FADEA30080FC82 /* Info.plist */,
			);
			path = ImageFeed;
			sourceTree = "<group>";
		};
		0642A90A29FC657300D39FD4 /* ImageList */ = {
			isa = PBXGroup;
			children = (
				06419A1A29FADE9F0080FC82 /* ImagesListViewController.swift */,
				0642A90829FC653900D39FD4 /* ImagesListCell.swift */,
				0642A93D2A0E8E0600D39FD4 /* ImagesListCell.xib */,
			);
			path = ImageList;
			sourceTree = "<group>";
		};
		0642A93F2A0EF97200D39FD4 /* Helpers */ = {
			isa = PBXGroup;
			children = (
				0642A9402A0EF99D00D39FD4 /* UIColor+Extensions.swift */,
				06ACD0422A25527700F33895 /* URLSession+Extensions.swift */,
				06ACD0442A2552AB00F33895 /* URLRequest+Extensions.swift */,
			);
			path = Helpers;
			sourceTree = "<group>";
		};
		06ACD0372A22A12500F33895 /* AuthControllers+API */ = {
			isa = PBXGroup;
			children = (
				06ACD0382A22A24700F33895 /* WebViewViewController.swift */,
				06ACD0352A22A04600F33895 /* AuthViewController.swift */,
				06ACD0332A22853F00F33895 /* Contacts.swift */,
			);
			path = "AuthControllers+API";
			sourceTree = "<group>";
		};
		06ACD0402A25494D00F33895 /* OAuth2 */ = {
			isa = PBXGroup;
			children = (
				06ACD03C2A252DF200F33895 /* OAuth2Service.swift */,
				06ACD03E2A25487400F33895 /* OAuth2TokenStorage.swift */,
			);
			path = OAuth2;
			sourceTree = "<group>";
		};
		06C0A3E62A291067004D3E92 /* Model */ = {
			isa = PBXGroup;
			children = (
				06C0A3E72A2910A5004D3E92 /* OAuthTokenResponseBody.swift */,
			);
			path = Model;
			sourceTree = "<group>";
		};
		06C0A3E92A2910F4004D3E92 /* View */ = {
			isa = PBXGroup;
			children = (
				06419A1C29FADE9F0080FC82 /* Main.storyboard */,
			);
			path = View;
			sourceTree = "<group>";
		};
		06C0A3EA2A291131004D3E92 /* Controllers */ = {
			isa = PBXGroup;
			children = (
				06ACD0472A26616F00F33895 /* SplashViewController.swift */,
				0642A90A29FC657300D39FD4 /* ImageList */,
				0642A9382A0D7BB200D39FD4 /* SingleImageViewController.swift */,
				0642A9352A0D533300D39FD4 /* ProfileViewController.swift */,
			);
			path = Controllers;
			sourceTree = "<group>";
		};
		06C0A3EB2A291175004D3E92 /* Network */ = {
			isa = PBXGroup;
			children = (
				06ACD0402A25494D00F33895 /* OAuth2 */,
				06ACD0372A22A12500F33895 /* AuthControllers+API */,
				06C0A42B2A3663DA004D3E92 /* UIBlockingProgressHUD.swift */,
			);
			path = Network;
			sourceTree = "<group>";
		};
/* End PBXGroup section */

/* Begin PBXNativeTarget section */
		06419A1229FADE9F0080FC82 /* ImageFeed */ = {
			isa = PBXNativeTarget;
			buildConfigurationList = 06419A2729FADEA30080FC82 /* Build configuration list for PBXNativeTarget "ImageFeed" */;
			buildPhases = (
				06419A0F29FADE9F0080FC82 /* Sources */,
				06419A1029FADE9F0080FC82 /* Frameworks */,
				06419A1129FADE9F0080FC82 /* Resources */,
			);
			buildRules = (
			);
			dependencies = (
			);
			name = ImageFeed;
			packageProductDependencies = (
				06C0A4292A33CC18004D3E92 /* ProgressHUD */,
			);
			productName = ImageFeed;
			productReference = 06419A1329FADE9F0080FC82 /* ImageFeed.app */;
			productType = "com.apple.product-type.application";
		};
/* End PBXNativeTarget section */

/* Begin PBXProject section */
		06419A0B29FADE9E0080FC82 /* Project object */ = {
			isa = PBXProject;
			attributes = {
				BuildIndependentTargetsInParallel = 1;
				LastSwiftUpdateCheck = 1420;
				LastUpgradeCheck = 1420;
				TargetAttributes = {
					06419A1229FADE9F0080FC82 = {
						CreatedOnToolsVersion = 14.2;
					};
				};
			};
			buildConfigurationList = 06419A0E29FADE9E0080FC82 /* Build configuration list for PBXProject "ImageFeed" */;
			compatibilityVersion = "Xcode 14.0";
			developmentRegion = en;
			hasScannedForEncodings = 0;
			knownRegions = (
				en,
				Base,
			);
			mainGroup = 06419A0A29FADE9E0080FC82;
			packageReferences = (
				06C0A4282A33CC18004D3E92 /* XCRemoteSwiftPackageReference "ProgressHUD" */,
			);
			productRefGroup = 06419A1429FADE9F0080FC82 /* Products */;
			projectDirPath = "";
			projectRoot = "";
			targets = (
				06419A1229FADE9F0080FC82 /* ImageFeed */,
			);
		};
/* End PBXProject section */

/* Begin PBXResourcesBuildPhase section */
		06419A1129FADE9F0080FC82 /* Resources */ = {
			isa = PBXResourcesBuildPhase;
			buildActionMask = 2147483647;
			files = (
				06419A2329FADEA30080FC82 /* LaunchScreen.storyboard in Resources */,
				0642A93E2A0E8E0600D39FD4 /* ImagesListCell.xib in Resources */,
				06419A2029FADEA30080FC82 /* Assets.xcassets in Resources */,
				06419A1E29FADE9F0080FC82 /* Main.storyboard in Resources */,
			);
			runOnlyForDeploymentPostprocessing = 0;
		};
/* End PBXResourcesBuildPhase section */

/* Begin PBXSourcesBuildPhase section */
		06419A0F29FADE9F0080FC82 /* Sources */ = {
			isa = PBXSourcesBuildPhase;
			buildActionMask = 2147483647;
			files = (
				06ACD03F2A25487400F33895 /* OAuth2TokenStorage.swift in Sources */,
				06ACD0392A22A24700F33895 /* WebViewViewController.swift in Sources */,
				06ACD0342A22853F00F33895 /* Contacts.swift in Sources */,
				06ACD03D2A252DF200F33895 /* OAuth2Service.swift in Sources */,
				06419A1B29FADE9F0080FC82 /* ImagesListViewController.swift in Sources */,
				0642A90929FC653900D39FD4 /* ImagesListCell.swift in Sources */,
				06C0A3E82A2910A5004D3E92 /* OAuthTokenResponseBody.swift in Sources */,
				06ACD0432A25527700F33895 /* URLSession+Extensions.swift in Sources */,
				0642A9362A0D533300D39FD4 /* ProfileViewController.swift in Sources */,
				06419A1729FADE9F0080FC82 /* AppDelegate.swift in Sources */,
				06ACD0482A26616F00F33895 /* SplashViewController.swift in Sources */,
				0642A9412A0EF99D00D39FD4 /* UIColor+Extensions.swift in Sources */,
				0642A9392A0D7BB200D39FD4 /* SingleImageViewController.swift in Sources */,
				06ACD0452A2552AB00F33895 /* URLRequest+Extensions.swift in Sources */,
				06ACD0362A22A04600F33895 /* AuthViewController.swift in Sources */,
				06419A1929FADE9F0080FC82 /* SceneDelegate.swift in Sources */,
				06C0A42C2A3663DA004D3E92 /* UIBlockingProgressHUD.swift in Sources */,
			);
			runOnlyForDeploymentPostprocessing = 0;
		};
/* End PBXSourcesBuildPhase section */

/* Begin PBXVariantGroup section */
		06419A1C29FADE9F0080FC82 /* Main.storyboard */ = {
			isa = PBXVariantGroup;
			children = (
				06419A1D29FADE9F0080FC82 /* Base */,
			);
			name = Main.storyboard;
			sourceTree = "<group>";
		};
		06419A2129FADEA30080FC82 /* LaunchScreen.storyboard */ = {
			isa = PBXVariantGroup;
			children = (
				06419A2229FADEA30080FC82 /* Base */,
			);
			name = LaunchScreen.storyboard;
			sourceTree = "<group>";
		};
/* End PBXVariantGroup section */

/* Begin XCBuildConfiguration section */
		06419A2529FADEA30080FC82 /* Debug */ = {
			isa = XCBuildConfiguration;
			buildSettings = {
				ALWAYS_SEARCH_USER_PATHS = NO;
				CLANG_ANALYZER_NONNULL = YES;
				CLANG_ANALYZER_NUMBER_OBJECT_CONVERSION = YES_AGGRESSIVE;
				CLANG_CXX_LANGUAGE_STANDARD = "gnu++20";
				CLANG_ENABLE_MODULES = YES;
				CLANG_ENABLE_OBJC_ARC = YES;
				CLANG_ENABLE_OBJC_WEAK = YES;
				CLANG_WARN_BLOCK_CAPTURE_AUTORELEASING = YES;
				CLANG_WARN_BOOL_CONVERSION = YES;
				CLANG_WARN_COMMA = YES;
				CLANG_WARN_CONSTANT_CONVERSION = YES;
				CLANG_WARN_DEPRECATED_OBJC_IMPLEMENTATIONS = YES;
				CLANG_WARN_DIRECT_OBJC_ISA_USAGE = YES_ERROR;
				CLANG_WARN_DOCUMENTATION_COMMENTS = YES;
				CLANG_WARN_EMPTY_BODY = YES;
				CLANG_WARN_ENUM_CONVERSION = YES;
				CLANG_WARN_INFINITE_RECURSION = YES;
				CLANG_WARN_INT_CONVERSION = YES;
				CLANG_WARN_NON_LITERAL_NULL_CONVERSION = YES;
				CLANG_WARN_OBJC_IMPLICIT_RETAIN_SELF = YES;
				CLANG_WARN_OBJC_LITERAL_CONVERSION = YES;
				CLANG_WARN_OBJC_ROOT_CLASS = YES_ERROR;
				CLANG_WARN_QUOTED_INCLUDE_IN_FRAMEWORK_HEADER = YES;
				CLANG_WARN_RANGE_LOOP_ANALYSIS = YES;
				CLANG_WARN_STRICT_PROTOTYPES = YES;
				CLANG_WARN_SUSPICIOUS_MOVE = YES;
				CLANG_WARN_UNGUARDED_AVAILABILITY = YES_AGGRESSIVE;
				CLANG_WARN_UNREACHABLE_CODE = YES;
				CLANG_WARN__DUPLICATE_METHOD_MATCH = YES;
				COPY_PHASE_STRIP = NO;
				DEBUG_INFORMATION_FORMAT = dwarf;
				ENABLE_STRICT_OBJC_MSGSEND = YES;
				ENABLE_TESTABILITY = YES;
				GCC_C_LANGUAGE_STANDARD = gnu11;
				GCC_DYNAMIC_NO_PIC = NO;
				GCC_NO_COMMON_BLOCKS = YES;
				GCC_OPTIMIZATION_LEVEL = 0;
				GCC_PREPROCESSOR_DEFINITIONS = (
					"DEBUG=1",
					"$(inherited)",
				);
				GCC_WARN_64_TO_32_BIT_CONVERSION = YES;
				GCC_WARN_ABOUT_RETURN_TYPE = YES_ERROR;
				GCC_WARN_UNDECLARED_SELECTOR = YES;
				GCC_WARN_UNINITIALIZED_AUTOS = YES_AGGRESSIVE;
				GCC_WARN_UNUSED_FUNCTION = YES;
				GCC_WARN_UNUSED_VARIABLE = YES;
				IPHONEOS_DEPLOYMENT_TARGET = 13.0;
				MTL_ENABLE_DEBUG_INFO = INCLUDE_SOURCE;
				MTL_FAST_MATH = YES;
				ONLY_ACTIVE_ARCH = YES;
				SDKROOT = iphoneos;
				SWIFT_ACTIVE_COMPILATION_CONDITIONS = DEBUG;
				SWIFT_OPTIMIZATION_LEVEL = "-Onone";
			};
			name = Debug;
		};
		06419A2629FADEA30080FC82 /* Release */ = {
			isa = XCBuildConfiguration;
			buildSettings = {
				ALWAYS_SEARCH_USER_PATHS = NO;
				CLANG_ANALYZER_NONNULL = YES;
				CLANG_ANALYZER_NUMBER_OBJECT_CONVERSION = YES_AGGRESSIVE;
				CLANG_CXX_LANGUAGE_STANDARD = "gnu++20";
				CLANG_ENABLE_MODULES = YES;
				CLANG_ENABLE_OBJC_ARC = YES;
				CLANG_ENABLE_OBJC_WEAK = YES;
				CLANG_WARN_BLOCK_CAPTURE_AUTORELEASING = YES;
				CLANG_WARN_BOOL_CONVERSION = YES;
				CLANG_WARN_COMMA = YES;
				CLANG_WARN_CONSTANT_CONVERSION = YES;
				CLANG_WARN_DEPRECATED_OBJC_IMPLEMENTATIONS = YES;
				CLANG_WARN_DIRECT_OBJC_ISA_USAGE = YES_ERROR;
				CLANG_WARN_DOCUMENTATION_COMMENTS = YES;
				CLANG_WARN_EMPTY_BODY = YES;
				CLANG_WARN_ENUM_CONVERSION = YES;
				CLANG_WARN_INFINITE_RECURSION = YES;
				CLANG_WARN_INT_CONVERSION = YES;
				CLANG_WARN_NON_LITERAL_NULL_CONVERSION = YES;
				CLANG_WARN_OBJC_IMPLICIT_RETAIN_SELF = YES;
				CLANG_WARN_OBJC_LITERAL_CONVERSION = YES;
				CLANG_WARN_OBJC_ROOT_CLASS = YES_ERROR;
				CLANG_WARN_QUOTED_INCLUDE_IN_FRAMEWORK_HEADER = YES;
				CLANG_WARN_RANGE_LOOP_ANALYSIS = YES;
				CLANG_WARN_STRICT_PROTOTYPES = YES;
				CLANG_WARN_SUSPICIOUS_MOVE = YES;
				CLANG_WARN_UNGUARDED_AVAILABILITY = YES_AGGRESSIVE;
				CLANG_WARN_UNREACHABLE_CODE = YES;
				CLANG_WARN__DUPLICATE_METHOD_MATCH = YES;
				COPY_PHASE_STRIP = NO;
				DEBUG_INFORMATION_FORMAT = "dwarf-with-dsym";
				ENABLE_NS_ASSERTIONS = NO;
				ENABLE_STRICT_OBJC_MSGSEND = YES;
				GCC_C_LANGUAGE_STANDARD = gnu11;
				GCC_NO_COMMON_BLOCKS = YES;
				GCC_WARN_64_TO_32_BIT_CONVERSION = YES;
				GCC_WARN_ABOUT_RETURN_TYPE = YES_ERROR;
				GCC_WARN_UNDECLARED_SELECTOR = YES;
				GCC_WARN_UNINITIALIZED_AUTOS = YES_AGGRESSIVE;
				GCC_WARN_UNUSED_FUNCTION = YES;
				GCC_WARN_UNUSED_VARIABLE = YES;
				IPHONEOS_DEPLOYMENT_TARGET = 13.0;
				MTL_ENABLE_DEBUG_INFO = NO;
				MTL_FAST_MATH = YES;
				SDKROOT = iphoneos;
				SWIFT_COMPILATION_MODE = wholemodule;
				SWIFT_OPTIMIZATION_LEVEL = "-O";
				VALIDATE_PRODUCT = YES;
			};
			name = Release;
		};
		06419A2829FADEA30080FC82 /* Debug */ = {
			isa = XCBuildConfiguration;
			buildSettings = {
				ASSETCATALOG_COMPILER_APPICON_NAME = AppIcon;
				ASSETCATALOG_COMPILER_GLOBAL_ACCENT_COLOR_NAME = AccentColor;
				CODE_SIGN_STYLE = Automatic;
				CURRENT_PROJECT_VERSION = 1;
				DEVELOPMENT_TEAM = 63L77N65GL;
				GENERATE_INFOPLIST_FILE = YES;
				INFOPLIST_FILE = ImageFeed/Info.plist;
				INFOPLIST_KEY_NSPhotoLibraryAddUsageDescription = "Save Image";
				INFOPLIST_KEY_UIApplicationSupportsIndirectInputEvents = YES;
				INFOPLIST_KEY_UILaunchStoryboardName = LaunchScreen;
				INFOPLIST_KEY_UIMainStoryboardFile = Main;
				INFOPLIST_KEY_UIStatusBarStyle = UIStatusBarStyleLightContent;
				INFOPLIST_KEY_UISupportedInterfaceOrientations = UIInterfaceOrientationPortrait;
				INFOPLIST_KEY_UISupportedInterfaceOrientations_iPad = "UIInterfaceOrientationLandscapeLeft UIInterfaceOrientationLandscapeRight UIInterfaceOrientationPortrait UIInterfaceOrientationPortraitUpsideDown";
				IPHONEOS_DEPLOYMENT_TARGET = 13.0;
				LD_RUNPATH_SEARCH_PATHS = (
					"$(inherited)",
					"@executable_path/Frameworks",
				);
				MARKETING_VERSION = 1.0;
				PRODUCT_BUNDLE_IDENTIFIER = ru.konstantin.vetro.ImageFeed;
				PRODUCT_NAME = "$(TARGET_NAME)";
				SUPPORTED_PLATFORMS = "iphoneos iphonesimulator";
				SUPPORTS_MACCATALYST = NO;
				SUPPORTS_MAC_DESIGNED_FOR_IPHONE_IPAD = NO;
				SWIFT_EMIT_LOC_STRINGS = YES;
				SWIFT_VERSION = 5.0;
				TARGETED_DEVICE_FAMILY = 1;
			};
			name = Debug;
		};
		06419A2929FADEA30080FC82 /* Release */ = {
			isa = XCBuildConfiguration;
			buildSettings = {
				ASSETCATALOG_COMPILER_APPICON_NAME = AppIcon;
				ASSETCATALOG_COMPILER_GLOBAL_ACCENT_COLOR_NAME = AccentColor;
				CODE_SIGN_STYLE = Automatic;
				CURRENT_PROJECT_VERSION = 1;
				DEVELOPMENT_TEAM = 63L77N65GL;
				GENERATE_INFOPLIST_FILE = YES;
				INFOPLIST_FILE = ImageFeed/Info.plist;
				INFOPLIST_KEY_NSPhotoLibraryAddUsageDescription = "Save Image";
				INFOPLIST_KEY_UIApplicationSupportsIndirectInputEvents = YES;
				INFOPLIST_KEY_UILaunchStoryboardName = LaunchScreen;
				INFOPLIST_KEY_UIMainStoryboardFile = Main;
				INFOPLIST_KEY_UIStatusBarStyle = UIStatusBarStyleLightContent;
				INFOPLIST_KEY_UISupportedInterfaceOrientations = UIInterfaceOrientationPortrait;
				INFOPLIST_KEY_UISupportedInterfaceOrientations_iPad = "UIInterfaceOrientationLandscapeLeft UIInterfaceOrientationLandscapeRight UIInterfaceOrientationPortrait UIInterfaceOrientationPortraitUpsideDown";
				IPHONEOS_DEPLOYMENT_TARGET = 13.0;
				LD_RUNPATH_SEARCH_PATHS = (
					"$(inherited)",
					"@executable_path/Frameworks",
				);
				MARKETING_VERSION = 1.0;
				PRODUCT_BUNDLE_IDENTIFIER = ru.konstantin.vetro.ImageFeed;
				PRODUCT_NAME = "$(TARGET_NAME)";
				SUPPORTED_PLATFORMS = "iphoneos iphonesimulator";
				SUPPORTS_MACCATALYST = NO;
				SUPPORTS_MAC_DESIGNED_FOR_IPHONE_IPAD = NO;
				SWIFT_EMIT_LOC_STRINGS = YES;
				SWIFT_VERSION = 5.0;
				TARGETED_DEVICE_FAMILY = 1;
			};
			name = Release;
		};
/* End XCBuildConfiguration section */

/* Begin XCConfigurationList section */
		06419A0E29FADE9E0080FC82 /* Build configuration list for PBXProject "ImageFeed" */ = {
			isa = XCConfigurationList;
			buildConfigurations = (
				06419A2529FADEA30080FC82 /* Debug */,
				06419A2629FADEA30080FC82 /* Release */,
			);
			defaultConfigurationIsVisible = 0;
			defaultConfigurationName = Release;
		};
		06419A2729FADEA30080FC82 /* Build configuration list for PBXNativeTarget "ImageFeed" */ = {
			isa = XCConfigurationList;
			buildConfigurations = (
				06419A2829FADEA30080FC82 /* Debug */,
				06419A2929FADEA30080FC82 /* Release */,
			);
			defaultConfigurationIsVisible = 0;
			defaultConfigurationName = Release;
		};
/* End XCConfigurationList section */

/* Begin XCRemoteSwiftPackageReference section */
		06C0A4282A33CC18004D3E92 /* XCRemoteSwiftPackageReference "ProgressHUD" */ = {
			isa = XCRemoteSwiftPackageReference;
			repositoryURL = "https://github.com/relatedcode/ProgressHUD";
			requirement = {
				kind = upToNextMajorVersion;
				minimumVersion = 13.0.0;
			};
		};
/* End XCRemoteSwiftPackageReference section */

/* Begin XCSwiftPackageProductDependency section */
		06C0A4292A33CC18004D3E92 /* ProgressHUD */ = {
			isa = XCSwiftPackageProductDependency;
			package = 06C0A4282A33CC18004D3E92 /* XCRemoteSwiftPackageReference "ProgressHUD" */;
			productName = ProgressHUD;
		};
/* End XCSwiftPackageProductDependency section */
	};
	rootObject = 06419A0B29FADE9E0080FC82 /* Project object */;
}
